
Microsoft Visual Studio Solution File, Format Version 12.00
# Visual Studio 15
VisualStudioVersion = 15.0.27004.2002
MinimumVisualStudioVersion = 10.0.40219.1
Project("{FAE04EC0-301F-11D3-BF4B-00C04F79EFBC}") = "ComentariosApi", "ComentariosApi\ComentariosApi.csproj", "{7B9D59D4-178B-4C1A-9CCA-B690136BAD4C}"
EndProject
Project("{FAE04EC0-301F-11D3-BF4B-00C04F79EFBC}") = "ComentariosApi.Tests", "ComentariosApi.Tests\ComentariosApi.Tests.csproj", "{0581EC74-011D-403B-B56E-FC7D99B88E61}"
EndProject
Project("{FAE04EC0-301F-11D3-BF4B-00C04F79EFBC}") = "ComentariosApi.Models", "ComentariosApi.Models\ComentariosApi.Models.csproj", "{A27E97C0-85D4-4F54-91A1-3AD28833A31B}"
EndProject
Project("{FAE04EC0-301F-11D3-BF4B-00C04F79EFBC}") = "ComentariosApi.Repos", "ComentariosApi.Repos\ComentariosApi.Repos.csproj", "{9D053C73-AFF0-4D4F-8CC9-31B074B1CA5C}"
EndProject
Project("{FAE04EC0-301F-11D3-BF4B-00C04F79EFBC}") = "ComentariosApi.Services", "ComentariosApi.Services\ComentariosApi.Services.csproj", "{A985EFBE-7AFE-4A88-9D8A-16D6C9D0B67A}"
EndProject
Project("{FAE04EC0-301F-11D3-BF4B-00C04F79EFBC}") = "ComentariosApi.Injector", "ComentariosApi.Injector\ComentariosApi.Injector.csproj", "{652922F0-BA4D-481C-BC48-C80AE5ABD187}"
EndProject
Global
	GlobalSection(SolutionConfigurationPlatforms) = preSolution
		Debug|Any CPU = Debug|Any CPU
		Release|Any CPU = Release|Any CPU
	EndGlobalSection
	GlobalSection(ProjectConfigurationPlatforms) = postSolution
		{7B9D59D4-178B-4C1A-9CCA-B690136BAD4C}.Debug|Any CPU.ActiveCfg = Debug|Any CPU
		{7B9D59D4-178B-4C1A-9CCA-B690136BAD4C}.Debug|Any CPU.Build.0 = Debug|Any CPU
		{7B9D59D4-178B-4C1A-9CCA-B690136BAD4C}.Release|Any CPU.ActiveCfg = Release|Any CPU
		{7B9D59D4-178B-4C1A-9CCA-B690136BAD4C}.Release|Any CPU.Build.0 = Release|Any CPU
		{0581EC74-011D-403B-B56E-FC7D99B88E61}.Debug|Any CPU.ActiveCfg = Debug|Any CPU
		{0581EC74-011D-403B-B56E-FC7D99B88E61}.Debug|Any CPU.Build.0 = Debug|Any CPU
		{0581EC74-011D-403B-B56E-FC7D99B88E61}.Release|Any CPU.ActiveCfg = Release|Any CPU
		{0581EC74-011D-403B-B56E-FC7D99B88E61}.Release|Any CPU.Build.0 = Release|Any CPU
		{A27E97C0-85D4-4F54-91A1-3AD28833A31B}.Debug|Any CPU.ActiveCfg = Debug|Any CPU
		{A27E97C0-85D4-4F54-91A1-3AD28833A31B}.Debug|Any CPU.Build.0 = Debug|Any CPU
		{A27E97C0-85D4-4F54-91A1-3AD28833A31B}.Release|Any CPU.ActiveCfg = Release|Any CPU
		{A27E97C0-85D4-4F54-91A1-3AD28833A31B}.Release|Any CPU.Build.0 = Release|Any CPU
		{9D053C73-AFF0-4D4F-8CC9-31B074B1CA5C}.Debug|Any CPU.ActiveCfg = Debug|Any CPU
		{9D053C73-AFF0-4D4F-8CC9-31B074B1CA5C}.Debug|Any CPU.Build.0 = Debug|Any CPU
		{9D053C73-AFF0-4D4F-8CC9-31B074B1CA5C}.Release|Any CPU.ActiveCfg = Release|Any CPU
		{9D053C73-AFF0-4D4F-8CC9-31B074B1CA5C}.Release|Any CPU.Build.0 = Release|Any CPU
		{A985EFBE-7AFE-4A88-9D8A-16D6C9D0B67A}.Debug|Any CPU.ActiveCfg = Debug|Any CPU
		{A985EFBE-7AFE-4A88-9D8A-16D6C9D0B67A}.Debug|Any CPU.Build.0 = Debug|Any CPU
		{A985EFBE-7AFE-4A88-9D8A-16D6C9D0B67A}.Release|Any CPU.ActiveCfg = Release|Any CPU
		{A985EFBE-7AFE-4A88-9D8A-16D6C9D0B67A}.Release|Any CPU.Build.0 = Release|Any CPU
		{652922F0-BA4D-481C-BC48-C80AE5ABD187}.Debug|Any CPU.ActiveCfg = Debug|Any CPU
		{652922F0-BA4D-481C-BC48-C80AE5ABD187}.Debug|Any CPU.Build.0 = Debug|Any CPU
		{652922F0-BA4D-481C-BC48-C80AE5ABD187}.Release|Any CPU.ActiveCfg = Release|Any CPU
		{652922F0-BA4D-481C-BC48-C80AE5ABD187}.Release|Any CPU.Build.0 = Release|Any CPU
	EndGlobalSection
	GlobalSection(SolutionProperties) = preSolution
		HideSolutionNode = FALSE
	EndGlobalSection
	GlobalSection(ExtensibilityGlobals) = postSolution
		SolutionGuid = {6A009D43-2142-4836-BEC7-2E47320F1922}
	EndGlobalSection
EndGlobal
